github.com/BrugadaSyndrome/bslogger v0.2.3 h1:ZC+Igc2GgWaf9LSKsH7eFTa7oeNHhcqRk6aI8wZSQCo=
github.com/BrugadaSyndrome/bslogger v0.2.3/go.mod h1:PjQXfBYtNFB1GfUf5AmrWyWXesJFr8mPyna/7sczIrM=
github.com/BrugadaSyndrome/multirpc v0.3.2 h1:faexnQWVhn9hQQYsIpdzR8MOzJPzUv4mkAru22DMy7U=
github.com/BrugadaSyndrome/multirpc v0.3.2/go.mod h1:/7xDLPcfMEDX54tzIbobqoFdGOop03e5xXmC6aXQbVQ=
