github.com/BrugadaSyndrome/bslogger v0.2.2 h1:8OyjPVSPX+FyzrMlRbcBuAX5u3BBOZf3RqcHC3R0pIA=
github.com/BrugadaSyndrome/bslogger v0.2.2/go.mod h1:KJ9xJ+2t8HLowqAsxeXmk0QPkg3wCgY2AsCHj0b8tu8=
github.com/BrugadaSyndrome/multirpc v0.3.1 h1:OlynfDXkF56x1SNWzqdvTmk/EGf4JRqTNSGtKJZO+I0=
github.com/BrugadaSyndrome/multirpc v0.3.1/go.mod h1:omE1cI4VCVe9ZsqOKDNDEw8vgA3p9DjTwtCQuosddvM=
