github.com/BrugadaSyndrome/bslogger v0.1.0 h1:ktkKYqeTj9n2H+fdAtXo4833HrP4EKcH0kBfjbL4BJ4=
github.com/BrugadaSyndrome/bslogger v0.1.0/go.mod h1:KnOGKy7VXtz3YsxgcayL/Nbi+8ATCXWgtYLv3tfhHho=
github.com/BrugadaSyndrome/rpc v0.1.0 h1:7LfQ+yeianVH6+6LprSjyQg+5+gijGYcKw0LRJZ4i2k=
github.com/BrugadaSyndrome/rpc v0.1.0/go.mod h1:YQynTNL3KpmiQnO1+5cC9XXVTKTWEqC+sJrorPFzeAY=
